
Microsoft Visual Studio Solution File, Format Version 12.00
# Visual Studio Version 16
VisualStudioVersion = 16.0.31025.194
MinimumVisualStudioVersion = 10.0.40219.1
Project("{9A19103F-16F7-4668-BE54-9A1E7A4F7556}") = "Algorithm.Encrypt", "Encrypt\Algorithm.Encrypt.csproj", "{0FDD2184-8985-4C32-8D23-0019AC2137F9}"
EndProject
Project("{9A19103F-16F7-4668-BE54-9A1E7A4F7556}") = "Algorithm.Check", "Check\Algorithm.Check.csproj", "{590FE59A-A709-4C48-80DE-51FD2EDF8A2B}"
EndProject
Project("{9A19103F-16F7-4668-BE54-9A1E7A4F7556}") = "TestConsoleApp", "TestConsoleApp\TestConsoleApp.csproj", "{2E9FCD96-4C5B-4F94-8F6E-2FA96CC346C2}"
EndProject
Project("{FAE04EC0-301F-11D3-BF4B-00C04F79EFBC}") = "AJ.Code", "AJ.Code\AJ.Code.csproj", "{841313DA-61CF-49E4-BABA-CD6B7E316E9F}"
EndProject
Global
	GlobalSection(SolutionConfigurationPlatforms) = preSolution
		Debug|Any CPU = Debug|Any CPU
		Release|Any CPU = Release|Any CPU
	EndGlobalSection
	GlobalSection(ProjectConfigurationPlatforms) = postSolution
		{0FDD2184-8985-4C32-8D23-0019AC2137F9}.Debug|Any CPU.ActiveCfg = Debug|Any CPU
		{0FDD2184-8985-4C32-8D23-0019AC2137F9}.Debug|Any CPU.Build.0 = Debug|Any CPU
		{0FDD2184-8985-4C32-8D23-0019AC2137F9}.Release|Any CPU.ActiveCfg = Release|Any CPU
		{0FDD2184-8985-4C32-8D23-0019AC2137F9}.Release|Any CPU.Build.0 = Release|Any CPU
		{590FE59A-A709-4C48-80DE-51FD2EDF8A2B}.Debug|Any CPU.ActiveCfg = Debug|Any CPU
		{590FE59A-A709-4C48-80DE-51FD2EDF8A2B}.Debug|Any CPU.Build.0 = Debug|Any CPU
		{590FE59A-A709-4C48-80DE-51FD2EDF8A2B}.Release|Any CPU.ActiveCfg = Release|Any CPU
		{590FE59A-A709-4C48-80DE-51FD2EDF8A2B}.Release|Any CPU.Build.0 = Release|Any CPU
		{2E9FCD96-4C5B-4F94-8F6E-2FA96CC346C2}.Debug|Any CPU.ActiveCfg = Debug|Any CPU
		{2E9FCD96-4C5B-4F94-8F6E-2FA96CC346C2}.Debug|Any CPU.Build.0 = Debug|Any CPU
		{2E9FCD96-4C5B-4F94-8F6E-2FA96CC346C2}.Release|Any CPU.ActiveCfg = Release|Any CPU
		{2E9FCD96-4C5B-4F94-8F6E-2FA96CC346C2}.Release|Any CPU.Build.0 = Release|Any CPU
		{841313DA-61CF-49E4-BABA-CD6B7E316E9F}.Debug|Any CPU.ActiveCfg = Debug|Any CPU
		{841313DA-61CF-49E4-BABA-CD6B7E316E9F}.Debug|Any CPU.Build.0 = Debug|Any CPU
		{841313DA-61CF-49E4-BABA-CD6B7E316E9F}.Release|Any CPU.ActiveCfg = Release|Any CPU
		{841313DA-61CF-49E4-BABA-CD6B7E316E9F}.Release|Any CPU.Build.0 = Release|Any CPU
	EndGlobalSection
	GlobalSection(SolutionProperties) = preSolution
		HideSolutionNode = FALSE
	EndGlobalSection
	GlobalSection(ExtensibilityGlobals) = postSolution
		SolutionGuid = {2D986C46-3271-49B5-9D63-6BA1DFC67E16}
	EndGlobalSection
EndGlobal
